// !$*UTF8*$!
{
	archiveVersion = 1;
	classes = {
	};
	objectVersion = 46;
	objects = {

/* Begin PBXBuildFile section */
		C5F7B7F117B9E51900FB6223 /* Foundation.framework in Frameworks */ = {isa = PBXBuildFile; fileRef = C5F7B7F017B9E51900FB6223 /* Foundation.framework */; };
		C5F7B7F317B9E51900FB6223 /* CoreGraphics.framework in Frameworks */ = {isa = PBXBuildFile; fileRef = C5F7B7F217B9E51900FB6223 /* CoreGraphics.framework */; };
		C5F7B7F517B9E51900FB6223 /* UIKit.framework in Frameworks */ = {isa = PBXBuildFile; fileRef = C5F7B7F417B9E51900FB6223 /* UIKit.framework */; };
		C5F7B7FB17B9E51900FB6223 /* InfoPlist.strings in Resources */ = {isa = PBXBuildFile; fileRef = C5F7B7F917B9E51900FB6223 /* InfoPlist.strings */; };
		C5F7B7FD17B9E51900FB6223 /* main.m in Sources */ = {isa = PBXBuildFile; fileRef = C5F7B7FC17B9E51900FB6223 /* main.m */; };
		C5F7B80117B9E51900FB6223 /* AppDelegate.m in Sources */ = {isa = PBXBuildFile; fileRef = C5F7B80017B9E51900FB6223 /* AppDelegate.m */; };
		C5F7B80417B9E51900FB6223 /* Main.storyboard in Resources */ = {isa = PBXBuildFile; fileRef = C5F7B80217B9E51900FB6223 /* Main.storyboard */; };
		C5F7B80717B9E51900FB6223 /* FirstViewController.m in Sources */ = {isa = PBXBuildFile; fileRef = C5F7B80617B9E51900FB6223 /* FirstViewController.m */; };
		C5F7B80A17B9E51900FB6223 /* SecondViewController.m in Sources */ = {isa = PBXBuildFile; fileRef = C5F7B80917B9E51900FB6223 /* SecondViewController.m */; };
		C5F7B80C17B9E51900FB6223 /* Images.xcassets in Resources */ = {isa = PBXBuildFile; fileRef = C5F7B80B17B9E51900FB6223 /* Images.xcassets */; };
		C5F7B81317B9E51900FB6223 /* XCTest.framework in Frameworks */ = {isa = PBXBuildFile; fileRef = C5F7B81217B9E51900FB6223 /* XCTest.framework */; };
		C5F7B81417B9E51900FB6223 /* Foundation.framework in Frameworks */ = {isa = PBXBuildFile; fileRef = C5F7B7F017B9E51900FB6223 /* Foundation.framework */; };
		C5F7B81517B9E51900FB6223 /* UIKit.framework in Frameworks */ = {isa = PBXBuildFile; fileRef = C5F7B7F417B9E51900FB6223 /* UIKit.framework */; };
		C5F7B81D17B9E51900FB6223 /* InfoPlist.strings in Resources */ = {isa = PBXBuildFile; fileRef = C5F7B81B17B9E51900FB6223 /* InfoPlist.strings */; };
		C5F7B81F17B9E51900FB6223 /* RubinTests.m in Sources */ = {isa = PBXBuildFile; fileRef = C5F7B81E17B9E51900FB6223 /* RubinTests.m */; };
		CE01D10F17C39F4F0028B394 /* ShopCompletePurchaseViewController.m in Sources */ = {isa = PBXBuildFile; fileRef = CE01D10617C39F4F0028B394 /* ShopCompletePurchaseViewController.m */; };
		CE01D11017C39F4F0028B394 /* ShopDetailViewContollerViewController.m in Sources */ = {isa = PBXBuildFile; fileRef = CE01D10817C39F4F0028B394 /* ShopDetailViewContollerViewController.m */; };
		CE01D11117C39F4F0028B394 /* ShopPurchaseViewController.m in Sources */ = {isa = PBXBuildFile; fileRef = CE01D10A17C39F4F0028B394 /* ShopPurchaseViewController.m */; };
		CE01D11217C39F4F0028B394 /* ShopTableViewCell.m in Sources */ = {isa = PBXBuildFile; fileRef = CE01D10C17C39F4F0028B394 /* ShopTableViewCell.m */; };
		CE01D11317C39F4F0028B394 /* ShopTableViewController.m in Sources */ = {isa = PBXBuildFile; fileRef = CE01D10E17C39F4F0028B394 /* ShopTableViewController.m */; };
		CE01D11D17C39FB50028B394 /* item1.png in Resources */ = {isa = PBXBuildFile; fileRef = CE01D11717C39FB50028B394 /* item1.png */; };
		CE01D11E17C39FB50028B394 /* item2.png in Resources */ = {isa = PBXBuildFile; fileRef = CE01D11817C39FB50028B394 /* item2.png */; };
		CE01D11F17C39FB50028B394 /* item3.png in Resources */ = {isa = PBXBuildFile; fileRef = CE01D11917C39FB50028B394 /* item3.png */; };
		CE01D12017C39FB50028B394 /* item4.png in Resources */ = {isa = PBXBuildFile; fileRef = CE01D11A17C39FB50028B394 /* item4.png */; };
		CE01D12117C39FB50028B394 /* item5.png in Resources */ = {isa = PBXBuildFile; fileRef = CE01D11B17C39FB50028B394 /* item5.png */; };
		CE01D12217C39FB50028B394 /* item6.png in Resources */ = {isa = PBXBuildFile; fileRef = CE01D11C17C39FB50028B394 /* item6.png */; };
		CE09C59917C2302C00E87ED7 /* libxml2.dylib in Frameworks */ = {isa = PBXBuildFile; fileRef = CE09C59817C2302C00E87ED7 /* libxml2.dylib */; };
		CE09C5AE17C380E500E87ED7 /* HTMLParser.m in Sources */ = {isa = PBXBuildFile; fileRef = CE09C5AD17C380E500E87ED7 /* HTMLParser.m */; };
		CE09C5B117C3813F00E87ED7 /* HTMLNode.m in Sources */ = {isa = PBXBuildFile; fileRef = CE09C5B017C3813F00E87ED7 /* HTMLNode.m */; };
		CE1E78DA17C3A2DC0047E936 /* ShopUtils.m in Sources */ = {isa = PBXBuildFile; fileRef = CE1E78D917C3A2DC0047E936 /* ShopUtils.m */; };
		CE2F3EBC17BE161B00B7C607 /* NewsTableViewController.m in Sources */ = {isa = PBXBuildFile; fileRef = CE2F3EBB17BE161B00B7C607 /* NewsTableViewController.m */; };
		CE412A8317BE21B600A5E802 /* NewsViewController.m in Sources */ = {isa = PBXBuildFile; fileRef = CE412A8217BE21B600A5E802 /* NewsViewController.m */; };
		CE93BF2417BCF35B00608860 /* Core.m in Sources */ = {isa = PBXBuildFile; fileRef = C5F7B82A17B9E5F000FB6223 /* Core.m */; };
		CEC1E6C417C63BAD00F84D76 /* buyButton.png in Resources */ = {isa = PBXBuildFile; fileRef = CEC1E6C317C63BAD00F84D76 /* buyButton.png */; };
		CEC1E6D117C64CDA00F84D76 /* message.png in Resources */ = {isa = PBXBuildFile; fileRef = CEC1E6CC17C64CDA00F84D76 /* message.png */; };
		CEC1E6D217C64CDA00F84D76 /* newspaper.png in Resources */ = {isa = PBXBuildFile; fileRef = CEC1E6CD17C64CDA00F84D76 /* newspaper.png */; };
		CEC1E6D317C64CDA00F84D76 /* rubin.png in Resources */ = {isa = PBXBuildFile; fileRef = CEC1E6CE17C64CDA00F84D76 /* rubin.png */; };
		CEC1E6D417C64CDA00F84D76 /* shopping-cart.png in Resources */ = {isa = PBXBuildFile; fileRef = CEC1E6CF17C64CDA00F84D76 /* shopping-cart.png */; };
		CEC1E6D517C64CDA00F84D76 /* ticket.png in Resources */ = {isa = PBXBuildFile; fileRef = CEC1E6D017C64CDA00F84D76 /* ticket.png */; };
		CEC1E6D917C655ED00F84D76 /* ticketsIsUnvailable.png in Resources */ = {isa = PBXBuildFile; fileRef = CEC1E6D817C655ED00F84D76 /* ticketsIsUnvailable.png */; };
		CEC1E6DB17C65F4A00F84D76 /* background.png in Resources */ = {isa = PBXBuildFile; fileRef = CEC1E6DA17C65F4A00F84D76 /* background.png */; };
		CEC1E6DD17C6614400F84D76 /* rubin_logo.png in Resources */ = {isa = PBXBuildFile; fileRef = CEC1E6DC17C6614400F84D76 /* rubin_logo.png */; };
		CEC1E6E117C6650900F84D76 /* white_button.png in Resources */ = {isa = PBXBuildFile; fileRef = CEC1E6E017C6650900F84D76 /* white_button.png */; };
		CEC1E6E417C669F400F84D76 /* AboutTeamViewController.m in Sources */ = {isa = PBXBuildFile; fileRef = CEC1E6E317C669F400F84D76 /* AboutTeamViewController.m */; };
		CED7B9DA17C60223002FDD2F /* item7.png in Resources */ = {isa = PBXBuildFile; fileRef = CED7B9D717C60223002FDD2F /* item7.png */; };
		CED7B9DB17C60223002FDD2F /* item8.png in Resources */ = {isa = PBXBuildFile; fileRef = CED7B9D817C60223002FDD2F /* item8.png */; };
		CED7B9DC17C60223002FDD2F /* item9.png in Resources */ = {isa = PBXBuildFile; fileRef = CED7B9D917C60223002FDD2F /* item9.png */; };
		CEED208917BCFAE000DA13C6 /* ThirdViewController.m in Sources */ = {isa = PBXBuildFile; fileRef = CEED208817BCFAE000DA13C6 /* ThirdViewController.m */; };
		CEED208E17BCFE7500DA13C6 /* RubinInformation.jpg in Resources */ = {isa = PBXBuildFile; fileRef = CEED208D17BCFE7500DA13C6 /* RubinInformation.jpg */; };
		CEFE5FAC17C7483800385D44 /* iOSlab_logo.png in Resources */ = {isa = PBXBuildFile; fileRef = CEFE5FAB17C7483800385D44 /* iOSlab_logo.png */; };
		CEFE5FB017C7522B00385D44 /* About.png in Resources */ = {isa = PBXBuildFile; fileRef = CEFE5FAD17C7522B00385D44 /* About.png */; };
		CEFE5FB117C7522B00385D44 /* Club.png in Resources */ = {isa = PBXBuildFile; fileRef = CEFE5FAE17C7522B00385D44 /* Club.png */; };
		CEFE5FB217C7522B00385D44 /* Programmer.png in Resources */ = {isa = PBXBuildFile; fileRef = CEFE5FAF17C7522B00385D44 /* Programmer.png */; };
		CEFE5FB417C757E000385D44 /* background_with_dragon.png in Resources */ = {isa = PBXBuildFile; fileRef = CEFE5FB317C757E000385D44 /* background_with_dragon.png */; };
		CEFE5FB617C75A0400385D44 /* background_white.png in Resources */ = {isa = PBXBuildFile; fileRef = CEFE5FB517C75A0400385D44 /* background_white.png */; };
		CEFEAB7817C6276600E266E5 /* icon_new_2_-_58x58.png in Resources */ = {isa = PBXBuildFile; fileRef = CEFEAB7517C6276600E266E5 /* icon_new_2_-_58x58.png */; };
		CEFEAB7917C6276600E266E5 /* icon_new_2_-_80x80.png in Resources */ = {isa = PBXBuildFile; fileRef = CEFEAB7617C6276600E266E5 /* icon_new_2_-_80x80.png */; };
		CEFEAB7A17C6276600E266E5 /* icon_new_2_-_120x120.png in Resources */ = {isa = PBXBuildFile; fileRef = CEFEAB7717C6276600E266E5 /* icon_new_2_-_120x120.png */; };
/* End PBXBuildFile section */

/* Begin PBXContainerItemProxy section */
		C5F7B81617B9E51900FB6223 /* PBXContainerItemProxy */ = {
			isa = PBXContainerItemProxy;
			containerPortal = C5F7B7E517B9E51900FB6223 /* Project object */;
			proxyType = 1;
			remoteGlobalIDString = C5F7B7EC17B9E51900FB6223;
			remoteInfo = Rubin;
		};
/* End PBXContainerItemProxy section */

/* Begin PBXFileReference section */
		C5F7B7ED17B9E51900FB6223 /* Rubin.app */ = {isa = PBXFileReference; explicitFileType = wrapper.application; includeInIndex = 0; path = Rubin.app; sourceTree = BUILT_PRODUCTS_DIR; };
		C5F7B7F017B9E51900FB6223 /* Foundation.framework */ = {isa = PBXFileReference; lastKnownFileType = wrapper.framework; name = Foundation.framework; path = System/Library/Frameworks/Foundation.framework; sourceTree = SDKROOT; };
		C5F7B7F217B9E51900FB6223 /* CoreGraphics.framework */ = {isa = PBXFileReference; lastKnownFileType = wrapper.framework; name = CoreGraphics.framework; path = System/Library/Frameworks/CoreGraphics.framework; sourceTree = SDKROOT; };
		C5F7B7F417B9E51900FB6223 /* UIKit.framework */ = {isa = PBXFileReference; lastKnownFileType = wrapper.framework; name = UIKit.framework; path = System/Library/Frameworks/UIKit.framework; sourceTree = SDKROOT; };
		C5F7B7F817B9E51900FB6223 /* Rubin-Info.plist */ = {isa = PBXFileReference; lastKnownFileType = text.plist.xml; path = "Rubin-Info.plist"; sourceTree = "<group>"; };
		C5F7B7FA17B9E51900FB6223 /* en */ = {isa = PBXFileReference; lastKnownFileType = text.plist.strings; name = en; path = en.lproj/InfoPlist.strings; sourceTree = "<group>"; };
		C5F7B7FC17B9E51900FB6223 /* main.m */ = {isa = PBXFileReference; lastKnownFileType = sourcecode.c.objc; path = main.m; sourceTree = "<group>"; };
		C5F7B7FE17B9E51900FB6223 /* Rubin-Prefix.pch */ = {isa = PBXFileReference; lastKnownFileType = sourcecode.c.h; path = "Rubin-Prefix.pch"; sourceTree = "<group>"; };
		C5F7B7FF17B9E51900FB6223 /* AppDelegate.h */ = {isa = PBXFileReference; lastKnownFileType = sourcecode.c.h; path = AppDelegate.h; sourceTree = "<group>"; };
		C5F7B80017B9E51900FB6223 /* AppDelegate.m */ = {isa = PBXFileReference; lastKnownFileType = sourcecode.c.objc; path = AppDelegate.m; sourceTree = "<group>"; };
		C5F7B80317B9E51900FB6223 /* Base */ = {isa = PBXFileReference; lastKnownFileType = file.storyboard; name = Base; path = Base.lproj/Main.storyboard; sourceTree = "<group>"; };
		C5F7B80517B9E51900FB6223 /* FirstViewController.h */ = {isa = PBXFileReference; lastKnownFileType = sourcecode.c.h; path = FirstViewController.h; sourceTree = "<group>"; };
		C5F7B80617B9E51900FB6223 /* FirstViewController.m */ = {isa = PBXFileReference; lastKnownFileType = sourcecode.c.objc; path = FirstViewController.m; sourceTree = "<group>"; };
		C5F7B80817B9E51900FB6223 /* SecondViewController.h */ = {isa = PBXFileReference; lastKnownFileType = sourcecode.c.h; path = SecondViewController.h; sourceTree = "<group>"; };
		C5F7B80917B9E51900FB6223 /* SecondViewController.m */ = {isa = PBXFileReference; lastKnownFileType = sourcecode.c.objc; path = SecondViewController.m; sourceTree = "<group>"; };
		C5F7B80B17B9E51900FB6223 /* Images.xcassets */ = {isa = PBXFileReference; lastKnownFileType = folder.assetcatalog; path = Images.xcassets; sourceTree = "<group>"; };
		C5F7B81117B9E51900FB6223 /* RubinTests.xctest */ = {isa = PBXFileReference; explicitFileType = wrapper.cfbundle; includeInIndex = 0; path = RubinTests.xctest; sourceTree = BUILT_PRODUCTS_DIR; };
		C5F7B81217B9E51900FB6223 /* XCTest.framework */ = {isa = PBXFileReference; lastKnownFileType = wrapper.framework; name = XCTest.framework; path = Library/Frameworks/XCTest.framework; sourceTree = DEVELOPER_DIR; };
		C5F7B81A17B9E51900FB6223 /* RubinTests-Info.plist */ = {isa = PBXFileReference; lastKnownFileType = text.plist.xml; path = "RubinTests-Info.plist"; sourceTree = "<group>"; };
		C5F7B81C17B9E51900FB6223 /* en */ = {isa = PBXFileReference; lastKnownFileType = text.plist.strings; name = en; path = en.lproj/InfoPlist.strings; sourceTree = "<group>"; };
		C5F7B81E17B9E51900FB6223 /* RubinTests.m */ = {isa = PBXFileReference; lastKnownFileType = sourcecode.c.objc; path = RubinTests.m; sourceTree = "<group>"; };
		C5F7B82917B9E5F000FB6223 /* Core.h */ = {isa = PBXFileReference; lastKnownFileType = sourcecode.c.h; path = Core.h; sourceTree = "<group>"; };
		C5F7B82A17B9E5F000FB6223 /* Core.m */ = {isa = PBXFileReference; lastKnownFileType = sourcecode.c.objc; path = Core.m; sourceTree = "<group>"; };
		CE01D10517C39F4F0028B394 /* ShopCompletePurchaseViewController.h */ = {isa = PBXFileReference; fileEncoding = 4; lastKnownFileType = sourcecode.c.h; path = ShopCompletePurchaseViewController.h; sourceTree = "<group>"; };
		CE01D10617C39F4F0028B394 /* ShopCompletePurchaseViewController.m */ = {isa = PBXFileReference; fileEncoding = 4; lastKnownFileType = sourcecode.c.objc; path = ShopCompletePurchaseViewController.m; sourceTree = "<group>"; };
		CE01D10717C39F4F0028B394 /* ShopDetailViewContollerViewController.h */ = {isa = PBXFileReference; fileEncoding = 4; lastKnownFileType = sourcecode.c.h; path = ShopDetailViewContollerViewController.h; sourceTree = "<group>"; };
		CE01D10817C39F4F0028B394 /* ShopDetailViewContollerViewController.m */ = {isa = PBXFileReference; fileEncoding = 4; lastKnownFileType = sourcecode.c.objc; path = ShopDetailViewContollerViewController.m; sourceTree = "<group>"; };
		CE01D10917C39F4F0028B394 /* ShopPurchaseViewController.h */ = {isa = PBXFileReference; fileEncoding = 4; lastKnownFileType = sourcecode.c.h; path = ShopPurchaseViewController.h; sourceTree = "<group>"; };
		CE01D10A17C39F4F0028B394 /* ShopPurchaseViewController.m */ = {isa = PBXFileReference; fileEncoding = 4; lastKnownFileType = sourcecode.c.objc; path = ShopPurchaseViewController.m; sourceTree = "<group>"; };
		CE01D10B17C39F4F0028B394 /* ShopTableViewCell.h */ = {isa = PBXFileReference; fileEncoding = 4; lastKnownFileType = sourcecode.c.h; path = ShopTableViewCell.h; sourceTree = "<group>"; };
		CE01D10C17C39F4F0028B394 /* ShopTableViewCell.m */ = {isa = PBXFileReference; fileEncoding = 4; lastKnownFileType = sourcecode.c.objc; path = ShopTableViewCell.m; sourceTree = "<group>"; };
		CE01D10D17C39F4F0028B394 /* ShopTableViewController.h */ = {isa = PBXFileReference; fileEncoding = 4; lastKnownFileType = sourcecode.c.h; path = ShopTableViewController.h; sourceTree = "<group>"; };
		CE01D10E17C39F4F0028B394 /* ShopTableViewController.m */ = {isa = PBXFileReference; fileEncoding = 4; lastKnownFileType = sourcecode.c.objc; path = ShopTableViewController.m; sourceTree = "<group>"; };
		CE01D11717C39FB50028B394 /* item1.png */ = {isa = PBXFileReference; lastKnownFileType = image.png; name = item1.png; path = images/items_for_shop/item1.png; sourceTree = "<group>"; };
		CE01D11817C39FB50028B394 /* item2.png */ = {isa = PBXFileReference; lastKnownFileType = image.png; name = item2.png; path = images/items_for_shop/item2.png; sourceTree = "<group>"; };
		CE01D11917C39FB50028B394 /* item3.png */ = {isa = PBXFileReference; lastKnownFileType = image.png; name = item3.png; path = images/items_for_shop/item3.png; sourceTree = "<group>"; };
		CE01D11A17C39FB50028B394 /* item4.png */ = {isa = PBXFileReference; lastKnownFileType = image.png; name = item4.png; path = images/items_for_shop/item4.png; sourceTree = "<group>"; };
		CE01D11B17C39FB50028B394 /* item5.png */ = {isa = PBXFileReference; lastKnownFileType = image.png; name = item5.png; path = images/items_for_shop/item5.png; sourceTree = "<group>"; };
		CE01D11C17C39FB50028B394 /* item6.png */ = {isa = PBXFileReference; lastKnownFileType = image.png; name = item6.png; path = images/items_for_shop/item6.png; sourceTree = "<group>"; };
		CE09C59817C2302C00E87ED7 /* libxml2.dylib */ = {isa = PBXFileReference; lastKnownFileType = "compiled.mach-o.dylib"; name = libxml2.dylib; path = usr/lib/libxml2.dylib; sourceTree = SDKROOT; };
		CE09C5AC17C380E500E87ED7 /* HTMLParser.h */ = {isa = PBXFileReference; fileEncoding = 4; lastKnownFileType = sourcecode.c.h; path = HTMLParser.h; sourceTree = "<group>"; };
		CE09C5AD17C380E500E87ED7 /* HTMLParser.m */ = {isa = PBXFileReference; fileEncoding = 4; lastKnownFileType = sourcecode.c.objc; path = HTMLParser.m; sourceTree = "<group>"; };
		CE09C5AF17C3813F00E87ED7 /* HTMLNode.h */ = {isa = PBXFileReference; fileEncoding = 4; lastKnownFileType = sourcecode.c.h; path = HTMLNode.h; sourceTree = "<group>"; };
		CE09C5B017C3813F00E87ED7 /* HTMLNode.m */ = {isa = PBXFileReference; fileEncoding = 4; lastKnownFileType = sourcecode.c.objc; path = HTMLNode.m; sourceTree = "<group>"; };
		CE1E78D817C3A2DC0047E936 /* ShopUtils.h */ = {isa = PBXFileReference; fileEncoding = 4; lastKnownFileType = sourcecode.c.h; path = ShopUtils.h; sourceTree = "<group>"; };
		CE1E78D917C3A2DC0047E936 /* ShopUtils.m */ = {isa = PBXFileReference; fileEncoding = 4; lastKnownFileType = sourcecode.c.objc; path = ShopUtils.m; sourceTree = "<group>"; };
		CE2F3EBA17BE161B00B7C607 /* NewsTableViewController.h */ = {isa = PBXFileReference; fileEncoding = 4; lastKnownFileType = sourcecode.c.h; path = NewsTableViewController.h; sourceTree = "<group>"; };
		CE2F3EBB17BE161B00B7C607 /* NewsTableViewController.m */ = {isa = PBXFileReference; fileEncoding = 4; lastKnownFileType = sourcecode.c.objc; path = NewsTableViewController.m; sourceTree = "<group>"; };
		CE412A8117BE21B600A5E802 /* NewsViewController.h */ = {isa = PBXFileReference; fileEncoding = 4; lastKnownFileType = sourcecode.c.h; path = NewsViewController.h; sourceTree = "<group>"; };
		CE412A8217BE21B600A5E802 /* NewsViewController.m */ = {isa = PBXFileReference; fileEncoding = 4; lastKnownFileType = sourcecode.c.objc; path = NewsViewController.m; sourceTree = "<group>"; };
		CEBB2C9B17BE3E4000291D45 /* rubin_icon.png */ = {isa = PBXFileReference; lastKnownFileType = image.png; path = rubin_icon.png; sourceTree = "<group>"; };
		CEC1E6C317C63BAD00F84D76 /* buyButton.png */ = {isa = PBXFileReference; lastKnownFileType = image.png; path = buyButton.png; sourceTree = "<group>"; };
		CEC1E6CC17C64CDA00F84D76 /* message.png */ = {isa = PBXFileReference; lastKnownFileType = image.png; name = message.png; path = images/icons/message.png; sourceTree = "<group>"; };
		CEC1E6CD17C64CDA00F84D76 /* newspaper.png */ = {isa = PBXFileReference; lastKnownFileType = image.png; name = newspaper.png; path = images/icons/newspaper.png; sourceTree = "<group>"; };
		CEC1E6CE17C64CDA00F84D76 /* rubin.png */ = {isa = PBXFileReference; lastKnownFileType = image.png; name = rubin.png; path = images/icons/rubin.png; sourceTree = "<group>"; };
		CEC1E6CF17C64CDA00F84D76 /* shopping-cart.png */ = {isa = PBXFileReference; lastKnownFileType = image.png; name = "shopping-cart.png"; path = "images/icons/shopping-cart.png"; sourceTree = "<group>"; };
		CEC1E6D017C64CDA00F84D76 /* ticket.png */ = {isa = PBXFileReference; lastKnownFileType = image.png; name = ticket.png; path = images/icons/ticket.png; sourceTree = "<group>"; };
		CEC1E6D817C655ED00F84D76 /* ticketsIsUnvailable.png */ = {isa = PBXFileReference; lastKnownFileType = image.png; path = ticketsIsUnvailable.png; sourceTree = "<group>"; };
		CEC1E6DA17C65F4A00F84D76 /* background.png */ = {isa = PBXFileReference; lastKnownFileType = image.png; path = background.png; sourceTree = "<group>"; };
		CEC1E6DC17C6614400F84D76 /* rubin_logo.png */ = {isa = PBXFileReference; lastKnownFileType = image.png; path = rubin_logo.png; sourceTree = "<group>"; };
		CEC1E6E017C6650900F84D76 /* white_button.png */ = {isa = PBXFileReference; lastKnownFileType = image.png; path = white_button.png; sourceTree = "<group>"; };
		CEC1E6E217C669F400F84D76 /* AboutTeamViewController.h */ = {isa = PBXFileReference; fileEncoding = 4; lastKnownFileType = sourcecode.c.h; path = AboutTeamViewController.h; sourceTree = "<group>"; };
		CEC1E6E317C669F400F84D76 /* AboutTeamViewController.m */ = {isa = PBXFileReference; fileEncoding = 4; lastKnownFileType = sourcecode.c.objc; path = AboutTeamViewController.m; sourceTree = "<group>"; };
		CED7B9D717C60223002FDD2F /* item7.png */ = {isa = PBXFileReference; lastKnownFileType = image.png; name = item7.png; path = images/items_for_shop/item7.png; sourceTree = "<group>"; };
		CED7B9D817C60223002FDD2F /* item8.png */ = {isa = PBXFileReference; lastKnownFileType = image.png; name = item8.png; path = images/items_for_shop/item8.png; sourceTree = "<group>"; };
		CED7B9D917C60223002FDD2F /* item9.png */ = {isa = PBXFileReference; lastKnownFileType = image.png; name = item9.png; path = images/items_for_shop/item9.png; sourceTree = "<group>"; };
		CEED208717BCFAE000DA13C6 /* ThirdViewController.h */ = {isa = PBXFileReference; fileEncoding = 4; lastKnownFileType = sourcecode.c.h; path = ThirdViewController.h; sourceTree = "<group>"; };
		CEED208817BCFAE000DA13C6 /* ThirdViewController.m */ = {isa = PBXFileReference; fileEncoding = 4; lastKnownFileType = sourcecode.c.objc; path = ThirdViewController.m; sourceTree = "<group>"; };
		CEED208D17BCFE7500DA13C6 /* RubinInformation.jpg */ = {isa = PBXFileReference; lastKnownFileType = image.jpeg; path = RubinInformation.jpg; sourceTree = "<group>"; };
		CEFE5FAB17C7483800385D44 /* iOSlab_logo.png */ = {isa = PBXFileReference; lastKnownFileType = image.png; name = iOSlab_logo.png; path = images/iOSlab_logo.png; sourceTree = "<group>"; };
		CEFE5FAD17C7522B00385D44 /* About.png */ = {isa = PBXFileReference; lastKnownFileType = image.png; name = About.png; path = images/About.png; sourceTree = "<group>"; };
		CEFE5FAE17C7522B00385D44 /* Club.png */ = {isa = PBXFileReference; lastKnownFileType = image.png; name = Club.png; path = images/Club.png; sourceTree = "<group>"; };
		CEFE5FAF17C7522B00385D44 /* Programmer.png */ = {isa = PBXFileReference; lastKnownFileType = image.png; name = Programmer.png; path = images/Programmer.png; sourceTree = "<group>"; };
		CEFE5FB317C757E000385D44 /* background_with_dragon.png */ = {isa = PBXFileReference; lastKnownFileType = image.png; path = background_with_dragon.png; sourceTree = "<group>"; };
		CEFE5FB517C75A0400385D44 /* background_white.png */ = {isa = PBXFileReference; lastKnownFileType = image.png; path = background_white.png; sourceTree = "<group>"; };
		CEFEAB7517C6276600E266E5 /* icon_new_2_-_58x58.png */ = {isa = PBXFileReference; lastKnownFileType = image.png; path = "icon_new_2_-_58x58.png"; sourceTree = "<group>"; };
		CEFEAB7617C6276600E266E5 /* icon_new_2_-_80x80.png */ = {isa = PBXFileReference; lastKnownFileType = image.png; path = "icon_new_2_-_80x80.png"; sourceTree = "<group>"; };
		CEFEAB7717C6276600E266E5 /* icon_new_2_-_120x120.png */ = {isa = PBXFileReference; lastKnownFileType = image.png; path = "icon_new_2_-_120x120.png"; sourceTree = "<group>"; };
/* End PBXFileReference section */

/* Begin PBXFrameworksBuildPhase section */
		C5F7B7EA17B9E51900FB6223 /* Frameworks */ = {
			isa = PBXFrameworksBuildPhase;
			buildActionMask = 2147483647;
			files = (
				CE09C59917C2302C00E87ED7 /* libxml2.dylib in Frameworks */,
				C5F7B7F317B9E51900FB6223 /* CoreGraphics.framework in Frameworks */,
				C5F7B7F517B9E51900FB6223 /* UIKit.framework in Frameworks */,
				C5F7B7F117B9E51900FB6223 /* Foundation.framework in Frameworks */,
			);
			runOnlyForDeploymentPostprocessing = 0;
		};
		C5F7B80E17B9E51900FB6223 /* Frameworks */ = {
			isa = PBXFrameworksBuildPhase;
			buildActionMask = 2147483647;
			files = (
				C5F7B81317B9E51900FB6223 /* XCTest.framework in Frameworks */,
				C5F7B81517B9E51900FB6223 /* UIKit.framework in Frameworks */,
				C5F7B81417B9E51900FB6223 /* Foundation.framework in Frameworks */,
			);
			runOnlyForDeploymentPostprocessing = 0;
		};
/* End PBXFrameworksBuildPhase section */

/* Begin PBXGroup section */
		C5F7B7E417B9E51900FB6223 = {
			isa = PBXGroup;
			children = (
				C5F7B7F617B9E51900FB6223 /* Rubin */,
				C5F7B81817B9E51900FB6223 /* RubinTests */,
				C5F7B7EF17B9E51900FB6223 /* Frameworks */,
				C5F7B7EE17B9E51900FB6223 /* Products */,
			);
			sourceTree = "<group>";
		};
		C5F7B7EE17B9E51900FB6223 /* Products */ = {
			isa = PBXGroup;
			children = (
				C5F7B7ED17B9E51900FB6223 /* Rubin.app */,
				C5F7B81117B9E51900FB6223 /* RubinTests.xctest */,
			);
			name = Products;
			sourceTree = "<group>";
		};
		C5F7B7EF17B9E51900FB6223 /* Frameworks */ = {
			isa = PBXGroup;
			children = (
				CE09C59817C2302C00E87ED7 /* libxml2.dylib */,
				C5F7B7F017B9E51900FB6223 /* Foundation.framework */,
				C5F7B7F217B9E51900FB6223 /* CoreGraphics.framework */,
				C5F7B7F417B9E51900FB6223 /* UIKit.framework */,
				C5F7B81217B9E51900FB6223 /* XCTest.framework */,
			);
			name = Frameworks;
			sourceTree = "<group>";
		};
		C5F7B7F617B9E51900FB6223 /* Rubin */ = {
			isa = PBXGroup;
			children = (
				C5F7B82B17B9E60D00FB6223 /* UI */,
				C5F7B82817B9E5BA00FB6223 /* Core */,
				C5F7B7F717B9E51900FB6223 /* Supporting Files */,
			);
			path = Rubin;
			sourceTree = "<group>";
		};
		C5F7B7F717B9E51900FB6223 /* Supporting Files */ = {
			isa = PBXGroup;
			children = (
				C5F7B7FF17B9E51900FB6223 /* AppDelegate.h */,
				C5F7B80017B9E51900FB6223 /* AppDelegate.m */,
				CEED208D17BCFE7500DA13C6 /* RubinInformation.jpg */,
				C5F7B80B17B9E51900FB6223 /* Images.xcassets */,
				C5F7B7F817B9E51900FB6223 /* Rubin-Info.plist */,
				C5F7B7F917B9E51900FB6223 /* InfoPlist.strings */,
				C5F7B7FC17B9E51900FB6223 /* main.m */,
				C5F7B7FE17B9E51900FB6223 /* Rubin-Prefix.pch */,
			);
			name = "Supporting Files";
			sourceTree = "<group>";
		};
		C5F7B81817B9E51900FB6223 /* RubinTests */ = {
			isa = PBXGroup;
			children = (
				C5F7B81E17B9E51900FB6223 /* RubinTests.m */,
				C5F7B81917B9E51900FB6223 /* Supporting Files */,
			);
			path = RubinTests;
			sourceTree = "<group>";
		};
		C5F7B81917B9E51900FB6223 /* Supporting Files */ = {
			isa = PBXGroup;
			children = (
				C5F7B81A17B9E51900FB6223 /* RubinTests-Info.plist */,
				C5F7B81B17B9E51900FB6223 /* InfoPlist.strings */,
			);
			name = "Supporting Files";
			sourceTree = "<group>";
		};
		C5F7B82817B9E5BA00FB6223 /* Core */ = {
			isa = PBXGroup;
			children = (
				CE1E78D817C3A2DC0047E936 /* ShopUtils.h */,
				CE1E78D917C3A2DC0047E936 /* ShopUtils.m */,
				C5F7B82917B9E5F000FB6223 /* Core.h */,
				C5F7B82A17B9E5F000FB6223 /* Core.m */,
			);
			name = Core;
			sourceTree = "<group>";
		};
		C5F7B82B17B9E60D00FB6223 /* UI */ = {
			isa = PBXGroup;
			children = (
				CE01D10417C39DA50028B394 /* ShopControllers */,
				CE412A8417BE342200A5E802 /* news */,
				CE2F3EBD17BE1CFA00B7C607 /* images */,
				C5F7B80217B9E51900FB6223 /* Main.storyboard */,
				C5F7B80517B9E51900FB6223 /* FirstViewController.h */,
				C5F7B80617B9E51900FB6223 /* FirstViewController.m */,
				C5F7B80817B9E51900FB6223 /* SecondViewController.h */,
				C5F7B80917B9E51900FB6223 /* SecondViewController.m */,
				CEED208717BCFAE000DA13C6 /* ThirdViewController.h */,
				CEED208817BCFAE000DA13C6 /* ThirdViewController.m */,
				CEC1E6E217C669F400F84D76 /* AboutTeamViewController.h */,
				CEC1E6E317C669F400F84D76 /* AboutTeamViewController.m */,
			);
			name = UI;
			sourceTree = "<group>";
		};
		CE01D10417C39DA50028B394 /* ShopControllers */ = {
			isa = PBXGroup;
			children = (
				CE01D10517C39F4F0028B394 /* ShopCompletePurchaseViewController.h */,
				CE01D10617C39F4F0028B394 /* ShopCompletePurchaseViewController.m */,
				CE01D10717C39F4F0028B394 /* ShopDetailViewContollerViewController.h */,
				CE01D10817C39F4F0028B394 /* ShopDetailViewContollerViewController.m */,
				CE01D10917C39F4F0028B394 /* ShopPurchaseViewController.h */,
				CE01D10A17C39F4F0028B394 /* ShopPurchaseViewController.m */,
				CE01D10B17C39F4F0028B394 /* ShopTableViewCell.h */,
				CE01D10C17C39F4F0028B394 /* ShopTableViewCell.m */,
				CE01D10D17C39F4F0028B394 /* ShopTableViewController.h */,
				CE01D10E17C39F4F0028B394 /* ShopTableViewController.m */,
			);
			name = ShopControllers;
			sourceTree = "<group>";
		};
		CE01D11617C39F780028B394 /* shop */ = {
			isa = PBXGroup;
			children = (
				CED7B9D717C60223002FDD2F /* item7.png */,
				CED7B9D817C60223002FDD2F /* item8.png */,
				CED7B9D917C60223002FDD2F /* item9.png */,
				CE01D11717C39FB50028B394 /* item1.png */,
				CE01D11817C39FB50028B394 /* item2.png */,
				CE01D11917C39FB50028B394 /* item3.png */,
				CE01D11A17C39FB50028B394 /* item4.png */,
				CE01D11B17C39FB50028B394 /* item5.png */,
				CE01D11C17C39FB50028B394 /* item6.png */,
			);
			name = shop;
			sourceTree = "<group>";
		};
		CE09C59117C22E2D00E87ED7 /* parser */ = {
			isa = PBXGroup;
			children = (
				CE09C5AC17C380E500E87ED7 /* HTMLParser.h */,
				CE09C5AD17C380E500E87ED7 /* HTMLParser.m */,
				CE09C5AF17C3813F00E87ED7 /* HTMLNode.h */,
				CE09C5B017C3813F00E87ED7 /* HTMLNode.m */,
			);
			name = parser;
			sourceTree = "<group>";
		};
		CE2F3EBD17BE1CFA00B7C607 /* images */ = {
			isa = PBXGroup;
			children = (
				CEFE5FB517C75A0400385D44 /* background_white.png */,
				CEFE5FB317C757E000385D44 /* background_with_dragon.png */,
				CEFE5FAD17C7522B00385D44 /* About.png */,
				CEFE5FAE17C7522B00385D44 /* Club.png */,
				CEFE5FAF17C7522B00385D44 /* Programmer.png */,
				CEFE5FAB17C7483800385D44 /* iOSlab_logo.png */,
				CEC1E6E017C6650900F84D76 /* white_button.png */,
				CEC1E6DC17C6614400F84D76 /* rubin_logo.png */,
				CEC1E6DA17C65F4A00F84D76 /* background.png */,
				CEC1E6D817C655ED00F84D76 /* ticketsIsUnvailable.png */,
				CEC1E6CB17C64CC100F84D76 /* icons */,
				CEC1E6C317C63BAD00F84D76 /* buyButton.png */,
				CEFEAB7517C6276600E266E5 /* icon_new_2_-_58x58.png */,
				CEFEAB7617C6276600E266E5 /* icon_new_2_-_80x80.png */,
				CEFEAB7717C6276600E266E5 /* icon_new_2_-_120x120.png */,
				CE01D11617C39F780028B394 /* shop */,
				CEBB2C9B17BE3E4000291D45 /* rubin_icon.png */,
			);
			name = images;
			sourceTree = "<group>";
		};
		CE412A8417BE342200A5E802 /* news */ = {
			isa = PBXGroup;
			children = (
				CE09C59117C22E2D00E87ED7 /* parser */,
				CE412A8117BE21B600A5E802 /* NewsViewController.h */,
				CE412A8217BE21B600A5E802 /* NewsViewController.m */,
				CE2F3EBA17BE161B00B7C607 /* NewsTableViewController.h */,
				CE2F3EBB17BE161B00B7C607 /* NewsTableViewController.m */,
			);
			name = news;
			sourceTree = "<group>";
		};
		CEC1E6CB17C64CC100F84D76 /* icons */ = {
			isa = PBXGroup;
			children = (
				CEC1E6CC17C64CDA00F84D76 /* message.png */,
				CEC1E6CD17C64CDA00F84D76 /* newspaper.png */,
				CEC1E6CE17C64CDA00F84D76 /* rubin.png */,
				CEC1E6CF17C64CDA00F84D76 /* shopping-cart.png */,
				CEC1E6D017C64CDA00F84D76 /* ticket.png */,
			);
			name = icons;
			sourceTree = "<group>";
		};
/* End PBXGroup section */

/* Begin PBXNativeTarget section */
		C5F7B7EC17B9E51900FB6223 /* Rubin */ = {
			isa = PBXNativeTarget;
			buildConfigurationList = C5F7B82217B9E51900FB6223 /* Build configuration list for PBXNativeTarget "Rubin" */;
			buildPhases = (
				C5F7B7E917B9E51900FB6223 /* Sources */,
				C5F7B7EA17B9E51900FB6223 /* Frameworks */,
				C5F7B7EB17B9E51900FB6223 /* Resources */,
			);
			buildRules = (
			);
			dependencies = (
			);
			name = Rubin;
			productName = Rubin;
			productReference = C5F7B7ED17B9E51900FB6223 /* Rubin.app */;
			productType = "com.apple.product-type.application";
		};
		C5F7B81017B9E51900FB6223 /* RubinTests */ = {
			isa = PBXNativeTarget;
			buildConfigurationList = C5F7B82517B9E51900FB6223 /* Build configuration list for PBXNativeTarget "RubinTests" */;
			buildPhases = (
				C5F7B80D17B9E51900FB6223 /* Sources */,
				C5F7B80E17B9E51900FB6223 /* Frameworks */,
				C5F7B80F17B9E51900FB6223 /* Resources */,
			);
			buildRules = (
			);
			dependencies = (
				C5F7B81717B9E51900FB6223 /* PBXTargetDependency */,
			);
			name = RubinTests;
			productName = RubinTests;
			productReference = C5F7B81117B9E51900FB6223 /* RubinTests.xctest */;
			productType = "com.apple.product-type.bundle.unit-test";
		};
/* End PBXNativeTarget section */

/* Begin PBXProject section */
		C5F7B7E517B9E51900FB6223 /* Project object */ = {
			isa = PBXProject;
			attributes = {
				LastUpgradeCheck = 0500;
				ORGANIZATIONNAME = "Ramil Garaev";
				TargetAttributes = {
					C5F7B81017B9E51900FB6223 = {
						TestTargetID = C5F7B7EC17B9E51900FB6223;
					};
				};
			};
			buildConfigurationList = C5F7B7E817B9E51900FB6223 /* Build configuration list for PBXProject "Rubin" */;
			compatibilityVersion = "Xcode 3.2";
			developmentRegion = English;
			hasScannedForEncodings = 0;
			knownRegions = (
				en,
				Base,
			);
			mainGroup = C5F7B7E417B9E51900FB6223;
			productRefGroup = C5F7B7EE17B9E51900FB6223 /* Products */;
			projectDirPath = "";
			projectRoot = "";
			targets = (
				C5F7B7EC17B9E51900FB6223 /* Rubin */,
				C5F7B81017B9E51900FB6223 /* RubinTests */,
			);
		};
/* End PBXProject section */

/* Begin PBXResourcesBuildPhase section */
		C5F7B7EB17B9E51900FB6223 /* Resources */ = {
			isa = PBXResourcesBuildPhase;
			buildActionMask = 2147483647;
			files = (
				CEFEAB7817C6276600E266E5 /* icon_new_2_-_58x58.png in Resources */,
				CEFE5FB117C7522B00385D44 /* Club.png in Resources */,
				CEC1E6DB17C65F4A00F84D76 /* background.png in Resources */,
				C5F7B80C17B9E51900FB6223 /* Images.xcassets in Resources */,
				CEC1E6E117C6650900F84D76 /* white_button.png in Resources */,
				CEFEAB7A17C6276600E266E5 /* icon_new_2_-_120x120.png in Resources */,
				CE01D12017C39FB50028B394 /* item4.png in Resources */,
				CEFE5FB617C75A0400385D44 /* background_white.png in Resources */,
				CED7B9DA17C60223002FDD2F /* item7.png in Resources */,
				CE01D11F17C39FB50028B394 /* item3.png in Resources */,
				CEED208E17BCFE7500DA13C6 /* RubinInformation.jpg in Resources */,
				CE01D12117C39FB50028B394 /* item5.png in Resources */,
				CEC1E6D417C64CDA00F84D76 /* shopping-cart.png in Resources */,
				CEC1E6C417C63BAD00F84D76 /* buyButton.png in Resources */,
				CED7B9DC17C60223002FDD2F /* item9.png in Resources */,
				CEFE5FAC17C7483800385D44 /* iOSlab_logo.png in Resources */,
				C5F7B7FB17B9E51900FB6223 /* InfoPlist.strings in Resources */,
				CEC1E6D917C655ED00F84D76 /* ticketsIsUnvailable.png in Resources */,
				CE01D12217C39FB50028B394 /* item6.png in Resources */,
				CEC1E6D317C64CDA00F84D76 /* rubin.png in Resources */,
				C5F7B80417B9E51900FB6223 /* Main.storyboard in Resources */,
				CE01D11E17C39FB50028B394 /* item2.png in Resources */,
				CEC1E6D217C64CDA00F84D76 /* newspaper.png in Resources */,
				CEC1E6DD17C6614400F84D76 /* rubin_logo.png in Resources */,
				CEFE5FB217C7522B00385D44 /* Programmer.png in Resources */,
				CED7B9DB17C60223002FDD2F /* item8.png in Resources */,
				CEFE5FB017C7522B00385D44 /* About.png in Resources */,
				CE01D11D17C39FB50028B394 /* item1.png in Resources */,
				CEFE5FB417C757E000385D44 /* background_with_dragon.png in Resources */,
				CEFEAB7917C6276600E266E5 /* icon_new_2_-_80x80.png in Resources */,
				CEC1E6D117C64CDA00F84D76 /* message.png in Resources */,
				CEC1E6D517C64CDA00F84D76 /* ticket.png in Resources */,
			);
			runOnlyForDeploymentPostprocessing = 0;
		};
		C5F7B80F17B9E51900FB6223 /* Resources */ = {
			isa = PBXResourcesBuildPhase;
			buildActionMask = 2147483647;
			files = (
				C5F7B81D17B9E51900FB6223 /* InfoPlist.strings in Resources */,
			);
			runOnlyForDeploymentPostprocessing = 0;
		};
/* End PBXResourcesBuildPhase section */

/* Begin PBXSourcesBuildPhase section */
		C5F7B7E917B9E51900FB6223 /* Sources */ = {
			isa = PBXSourcesBuildPhase;
			buildActionMask = 2147483647;
			files = (
				CE01D11117C39F4F0028B394 /* ShopPurchaseViewController.m in Sources */,
				CE1E78DA17C3A2DC0047E936 /* ShopUtils.m in Sources */,
				CE09C5B117C3813F00E87ED7 /* HTMLNode.m in Sources */,
				C5F7B80A17B9E51900FB6223 /* SecondViewController.m in Sources */,
				CEC1E6E417C669F400F84D76 /* AboutTeamViewController.m in Sources */,
				CE01D11217C39F4F0028B394 /* ShopTableViewCell.m in Sources */,
				C5F7B80117B9E51900FB6223 /* AppDelegate.m in Sources */,
				CE01D11017C39F4F0028B394 /* ShopDetailViewContollerViewController.m in Sources */,
				CE2F3EBC17BE161B00B7C607 /* NewsTableViewController.m in Sources */,
				CE412A8317BE21B600A5E802 /* NewsViewController.m in Sources */,
				CE09C5AE17C380E500E87ED7 /* HTMLParser.m in Sources */,
				CEED208917BCFAE000DA13C6 /* ThirdViewController.m in Sources */,
				C5F7B80717B9E51900FB6223 /* FirstViewController.m in Sources */,
				C5F7B7FD17B9E51900FB6223 /* main.m in Sources */,
				CE01D11317C39F4F0028B394 /* ShopTableViewController.m in Sources */,
				CE01D10F17C39F4F0028B394 /* ShopCompletePurchaseViewController.m in Sources */,
				CE93BF2417BCF35B00608860 /* Core.m in Sources */,
			);
			runOnlyForDeploymentPostprocessing = 0;
		};
		C5F7B80D17B9E51900FB6223 /* Sources */ = {
			isa = PBXSourcesBuildPhase;
			buildActionMask = 2147483647;
			files = (
				C5F7B81F17B9E51900FB6223 /* RubinTests.m in Sources */,
			);
			runOnlyForDeploymentPostprocessing = 0;
		};
/* End PBXSourcesBuildPhase section */

/* Begin PBXTargetDependency section */
		C5F7B81717B9E51900FB6223 /* PBXTargetDependency */ = {
			isa = PBXTargetDependency;
			target = C5F7B7EC17B9E51900FB6223 /* Rubin */;
			targetProxy = C5F7B81617B9E51900FB6223 /* PBXContainerItemProxy */;
		};
/* End PBXTargetDependency section */

/* Begin PBXVariantGroup section */
		C5F7B7F917B9E51900FB6223 /* InfoPlist.strings */ = {
			isa = PBXVariantGroup;
			children = (
				C5F7B7FA17B9E51900FB6223 /* en */,
			);
			name = InfoPlist.strings;
			sourceTree = "<group>";
		};
		C5F7B80217B9E51900FB6223 /* Main.storyboard */ = {
			isa = PBXVariantGroup;
			children = (
				C5F7B80317B9E51900FB6223 /* Base */,
			);
			name = Main.storyboard;
			sourceTree = "<group>";
		};
		C5F7B81B17B9E51900FB6223 /* InfoPlist.strings */ = {
			isa = PBXVariantGroup;
			children = (
				C5F7B81C17B9E51900FB6223 /* en */,
			);
			name = InfoPlist.strings;
			sourceTree = "<group>";
		};
/* End PBXVariantGroup section */

/* Begin XCBuildConfiguration section */
		C5F7B82017B9E51900FB6223 /* Debug */ = {
			isa = XCBuildConfiguration;
			buildSettings = {
				ALWAYS_SEARCH_USER_PATHS = NO;
				CLANG_CXX_LANGUAGE_STANDARD = "gnu++0x";
				CLANG_CXX_LIBRARY = "libc++";
				CLANG_ENABLE_MODULES = YES;
				CLANG_ENABLE_OBJC_ARC = YES;
				CLANG_WARN_BOOL_CONVERSION = YES;
				CLANG_WARN_CONSTANT_CONVERSION = YES;
				CLANG_WARN_DIRECT_OBJC_ISA_USAGE = YES_ERROR;
				CLANG_WARN_EMPTY_BODY = YES;
				CLANG_WARN_ENUM_CONVERSION = YES;
				CLANG_WARN_INT_CONVERSION = YES;
				CLANG_WARN_OBJC_ROOT_CLASS = YES_ERROR;
				CLANG_WARN__DUPLICATE_METHOD_MATCH = YES;
				"CODE_SIGN_IDENTITY[sdk=iphoneos*]" = "iPhone Developer";
				COPY_PHASE_STRIP = NO;
				GCC_C_LANGUAGE_STANDARD = gnu99;
				GCC_DYNAMIC_NO_PIC = NO;
				GCC_OPTIMIZATION_LEVEL = 0;
				GCC_PREPROCESSOR_DEFINITIONS = (
					"DEBUG=1",
					"$(inherited)",
				);
				GCC_SYMBOLS_PRIVATE_EXTERN = NO;
				GCC_WARN_ABOUT_RETURN_TYPE = YES_ERROR;
				GCC_WARN_UNDECLARED_SELECTOR = YES;
				GCC_WARN_UNINITIALIZED_AUTOS = YES;
				GCC_WARN_UNUSED_FUNCTION = YES;
				GCC_WARN_UNUSED_VARIABLE = YES;
				IPHONEOS_DEPLOYMENT_TARGET = 7.0;
				ONLY_ACTIVE_ARCH = YES;
				SDKROOT = iphoneos;
			};
			name = Debug;
		};
		C5F7B82117B9E51900FB6223 /* Release */ = {
			isa = XCBuildConfiguration;
			buildSettings = {
				ALWAYS_SEARCH_USER_PATHS = NO;
				CLANG_CXX_LANGUAGE_STANDARD = "gnu++0x";
				CLANG_CXX_LIBRARY = "libc++";
				CLANG_ENABLE_MODULES = YES;
				CLANG_ENABLE_OBJC_ARC = YES;
				CLANG_WARN_BOOL_CONVERSION = YES;
				CLANG_WARN_CONSTANT_CONVERSION = YES;
				CLANG_WARN_DIRECT_OBJC_ISA_USAGE = YES_ERROR;
				CLANG_WARN_EMPTY_BODY = YES;
				CLANG_WARN_ENUM_CONVERSION = YES;
				CLANG_WARN_INT_CONVERSION = YES;
				CLANG_WARN_OBJC_ROOT_CLASS = YES_ERROR;
				CLANG_WARN__DUPLICATE_METHOD_MATCH = YES;
				"CODE_SIGN_IDENTITY[sdk=iphoneos*]" = "iPhone Developer";
				COPY_PHASE_STRIP = YES;
				ENABLE_NS_ASSERTIONS = NO;
				GCC_C_LANGUAGE_STANDARD = gnu99;
				GCC_WARN_ABOUT_RETURN_TYPE = YES_ERROR;
				GCC_WARN_UNDECLARED_SELECTOR = YES;
				GCC_WARN_UNINITIALIZED_AUTOS = YES;
				GCC_WARN_UNUSED_FUNCTION = YES;
				GCC_WARN_UNUSED_VARIABLE = YES;
				IPHONEOS_DEPLOYMENT_TARGET = 7.0;
				SDKROOT = iphoneos;
				VALIDATE_PRODUCT = YES;
			};
			name = Release;
		};
		C5F7B82317B9E51900FB6223 /* Debug */ = {
			isa = XCBuildConfiguration;
			buildSettings = {
				ASSETCATALOG_COMPILER_APPICON_NAME = AppIcon;
				ASSETCATALOG_COMPILER_LAUNCHIMAGE_NAME = LaunchImage;
				GCC_PRECOMPILE_PREFIX_HEADER = YES;
				GCC_PREFIX_HEADER = "Rubin/Rubin-Prefix.pch";
				HEADER_SEARCH_PATHS = /usr/include/libxml2;
				INFOPLIST_FILE = "Rubin/Rubin-Info.plist";
				ONLY_ACTIVE_ARCH = YES;
				PRODUCT_NAME = "$(TARGET_NAME)";
				WRAPPER_EXTENSION = app;
			};
			name = Debug;
		};
		C5F7B82417B9E51900FB6223 /* Release */ = {
			isa = XCBuildConfiguration;
			buildSettings = {
				ASSETCATALOG_COMPILER_APPICON_NAME = AppIcon;
				ASSETCATALOG_COMPILER_LAUNCHIMAGE_NAME = LaunchImage;
				GCC_PRECOMPILE_PREFIX_HEADER = YES;
				GCC_PREFIX_HEADER = "Rubin/Rubin-Prefix.pch";
				HEADER_SEARCH_PATHS = /usr/include/libxml2;
				INFOPLIST_FILE = "Rubin/Rubin-Info.plist";
				ONLY_ACTIVE_ARCH = YES;
				PRODUCT_NAME = "$(TARGET_NAME)";
				WRAPPER_EXTENSION = app;
			};
			name = Release;
		};
		C5F7B82617B9E51900FB6223 /* Debug */ = {
			isa = XCBuildConfiguration;
			buildSettings = {
				BUNDLE_LOADER = "$(BUILT_PRODUCTS_DIR)/Rubin.app/Rubin";
				FRAMEWORK_SEARCH_PATHS = (
					"$(SDKROOT)/Developer/Library/Frameworks",
					"$(inherited)",
					"$(DEVELOPER_FRAMEWORKS_DIR)",
				);
				GCC_PRECOMPILE_PREFIX_HEADER = YES;
				GCC_PREFIX_HEADER = "Rubin/Rubin-Prefix.pch";
				GCC_PREPROCESSOR_DEFINITIONS = (
					"DEBUG=1",
					"$(inherited)",
				);
				INFOPLIST_FILE = "RubinTests/RubinTests-Info.plist";
				PRODUCT_NAME = "$(TARGET_NAME)";
				TEST_HOST = "$(BUNDLE_LOADER)";
				WRAPPER_EXTENSION = xctest;
			};
			name = Debug;
		};
		C5F7B82717B9E51900FB6223 /* Release */ = {
			isa = XCBuildConfiguration;
			buildSettings = {
				BUNDLE_LOADER = "$(BUILT_PRODUCTS_DIR)/Rubin.app/Rubin";
				FRAMEWORK_SEARCH_PATHS = (
					"$(SDKROOT)/Developer/Library/Frameworks",
					"$(inherited)",
					"$(DEVELOPER_FRAMEWORKS_DIR)",
				);
				GCC_PRECOMPILE_PREFIX_HEADER = YES;
				GCC_PREFIX_HEADER = "Rubin/Rubin-Prefix.pch";
				INFOPLIST_FILE = "RubinTests/RubinTests-Info.plist";
				PRODUCT_NAME = "$(TARGET_NAME)";
				TEST_HOST = "$(BUNDLE_LOADER)";
				WRAPPER_EXTENSION = xctest;
			};
			name = Release;
		};
/* End XCBuildConfiguration section */

/* Begin XCConfigurationList section */
		C5F7B7E817B9E51900FB6223 /* Build configuration list for PBXProject "Rubin" */ = {
			isa = XCConfigurationList;
			buildConfigurations = (
				C5F7B82017B9E51900FB6223 /* Debug */,
				C5F7B82117B9E51900FB6223 /* Release */,
			);
			defaultConfigurationIsVisible = 0;
			defaultConfigurationName = Release;
		};
		C5F7B82217B9E51900FB6223 /* Build configuration list for PBXNativeTarget "Rubin" */ = {
			isa = XCConfigurationList;
			buildConfigurations = (
				C5F7B82317B9E51900FB6223 /* Debug */,
				C5F7B82417B9E51900FB6223 /* Release */,
			);
			defaultConfigurationIsVisible = 0;
			defaultConfigurationName = Release;
		};
		C5F7B82517B9E51900FB6223 /* Build configuration list for PBXNativeTarget "RubinTests" */ = {
			isa = XCConfigurationList;
			buildConfigurations = (
				C5F7B82617B9E51900FB6223 /* Debug */,
				C5F7B82717B9E51900FB6223 /* Release */,
			);
			defaultConfigurationIsVisible = 0;
			defaultConfigurationName = Release;
		};
/* End XCConfigurationList section */
	};
	rootObject = C5F7B7E517B9E51900FB6223 /* Project object */;
}
